// !$*UTF8*$!
{
	archiveVersion = 1;
	classes = {
	};
	objectVersion = 110;
	objects = {

/* Begin PBXBuildFile section */
		B4CF000330410003001919E6 /* ClaudeForFoundationModels in Frameworks */ = {isa = PBXBuildFile; productRef = B4CF000230410002001919E6 /* ClaudeForFoundationModels */; };
		B4E0000330310003001919E6 /* MLXEmbedders in Frameworks */ = {isa = PBXBuildFile; productRef = B4E0000230310002001919E6 /* MLXEmbedders */; };
/* End PBXBuildFile section */

/* Begin PBXContainerItemProxy section */
		B431329F301A4059001919E6 /* PBXContainerItemProxy */ = {
			isa = PBXContainerItemProxy;
			containerPortal = B485BB7130075EC80006AEB4 /* Project object */;
			proxyType = 1;
			remoteGlobalIDString = B485BB7830075EC80006AEB4;
			remoteInfo = ToolRoutingStrategies;
		};
/* End PBXContainerItemProxy section */

/* Begin PBXCopyFilesBuildPhase section */
		B4CL100630400007001919E6 /* CopyFiles */ = {
			isa = PBXCopyFilesBuildPhase;
			dstPath = /usr/share/man/man1/;
			dstSubfolder = None;
			files = (
			);
			runOnlyForDeploymentPostprocessing = 1;
		};
/* End PBXCopyFilesBuildPhase section */

/* Begin PBXFileReference section */
		B431329B301A4059001919E6 /* ToolRoutingStrategiesTests.xctest */ = {isa = PBXFileReference; explicitFileType = wrapper.cfbundle; includeInIndex = 0; path = ToolRoutingStrategiesTests.xctest; sourceTree = BUILT_PRODUCTS_DIR; };
		B485BB7930075EC80006AEB4 /* ToolRoutingStrategies.app */ = {isa = PBXFileReference; explicitFileType = wrapper.application; includeInIndex = 0; path = ToolRoutingStrategies.app; sourceTree = BUILT_PRODUCTS_DIR; };
		B4CL100130400002001919E6 /* BankingQAGenerator */ = {isa = PBXFileReference; explicitFileType = "compiled.mach-o.executable"; includeInIndex = 0; path = BankingQAGenerator; sourceTree = BUILT_PRODUCTS_DIR; };
/* End PBXFileReference section */

/* Begin PBXFileSystemSynchronizedBuildFileExceptionSet section */
		B4CL100330400004001919E6 /* Exceptions for "ToolRoutingStrategies" folder in "BankingQAGenerator" target */ = {
			isa = PBXFileSystemSynchronizedBuildFileExceptionSet;
			membershipExceptions = (
				Models/BankingAnswer.swift,
				Models/ToolCatalog.swift,
				Models/ToolDefinition.swift,
				Models/Transaction.swift,
				Services/API/BankAPIClient.swift,
				Services/API/MockBankAPIClient.swift,
				Services/API/MockGroundTruth.swift,
			);
			target = B4CL100030400001001919E6 /* BankingQAGenerator */;
		};
/* End PBXFileSystemSynchronizedBuildFileExceptionSet section */

/* Begin PBXFileSystemSynchronizedRootGroup section */
		B431329C301A4059001919E6 /* ToolRoutingStrategiesTests */ = {
			isa = PBXFileSystemSynchronizedRootGroup;
			path = ToolRoutingStrategiesTests;
			sourceTree = "<group>";
		};
		B431330430216776001919E6 /* Plan */ = {
			isa = PBXFileSystemSynchronizedRootGroup;
			path = Plan;
			sourceTree = "<group>";
		};
		B485BB7B30075EC80006AEB4 /* ToolRoutingStrategies */ = {
			isa = PBXFileSystemSynchronizedRootGroup;
			exceptions = (
				B4CL100330400004001919E6 /* Exceptions for "ToolRoutingStrategies" folder in "BankingQAGenerator" target */,
			);
			path = ToolRoutingStrategies;
			sourceTree = "<group>";
		};
		B4CL100230400003001919E6 /* BankingQAGenerator */ = {
			isa = PBXFileSystemSynchronizedRootGroup;
			path = BankingQAGenerator;
			sourceTree = "<group>";
		};
/* End PBXFileSystemSynchronizedRootGroup section */

/* Begin PBXFrameworksBuildPhase section */
		B4313298301A4059001919E6 /* Frameworks */ = {
			isa = PBXFrameworksBuildPhase;
			files = (
				B4CF000330410003001919E6 /* ClaudeForFoundationModels in Frameworks */,
			);
		};
		B485BB7630075EC80006AEB4 /* Frameworks */ = {
			isa = PBXFrameworksBuildPhase;
			files = (
				B4E0000330310003001919E6 /* MLXEmbedders in Frameworks */,
			);
		};
		B4CL100530400006001919E6 /* Frameworks */ = {
			isa = PBXFrameworksBuildPhase;
			files = (
			);
		};
/* End PBXFrameworksBuildPhase section */

/* Begin PBXGroup section */
		B485BB7030075EC80006AEB4 = {
			isa = PBXGroup;
			children = (
				B485BB7B30075EC80006AEB4 /* ToolRoutingStrategies */,
				B431329C301A4059001919E6 /* ToolRoutingStrategiesTests */,
				B4CL100230400003001919E6 /* BankingQAGenerator */,
				B485BB7A30075EC80006AEB4 /* Products */,
				B431330430216776001919E6 /* Plan */,
			);
			sourceTree = "<group>";
		};
		B485BB7A30075EC80006AEB4 /* Products */ = {
			isa = PBXGroup;
			children = (
				B485BB7930075EC80006AEB4 /* ToolRoutingStrategies.app */,
				B431329B301A4059001919E6 /* ToolRoutingStrategiesTests.xctest */,
				B4CL100130400002001919E6 /* BankingQAGenerator */,
			);
			name = Products;
			sourceTree = "<group>";
		};
/* End PBXGroup section */

/* Begin PBXNativeTarget section */
		B431329A301A4059001919E6 /* ToolRoutingStrategiesTests */ = {
			isa = PBXNativeTarget;
			buildConfigurationList = B43132A1301A4059001919E6 /* Build configuration list for PBXNativeTarget "ToolRoutingStrategiesTests" */;
			buildPhases = (
				B4313297301A4059001919E6 /* Sources */,
				B4313298301A4059001919E6 /* Frameworks */,
				B4313299301A4059001919E6 /* Resources */,
			);
			buildRules = (
			);
			dependencies = (
				B43132A0301A4059001919E6 /* PBXTargetDependency */,
			);
			fileSystemSynchronizedGroups = (
				B431329C301A4059001919E6 /* ToolRoutingStrategiesTests */,
			);
			name = ToolRoutingStrategiesTests;
			packageProductDependencies = (
				B4CF000230410002001919E6 /* ClaudeForFoundationModels */,
			);
			productName = ToolRoutingStrategiesTests;
			productReference = B431329B301A4059001919E6 /* ToolRoutingStrategiesTests.xctest */;
			productType = "com.apple.product-type.bundle.unit-test";
		};
		B485BB7830075EC80006AEB4 /* ToolRoutingStrategies */ = {
			isa = PBXNativeTarget;
			buildConfigurationList = B485BB8430075ECB0006AEB4 /* Build configuration list for PBXNativeTarget "ToolRoutingStrategies" */;
			buildPhases = (
				B485BB7530075EC80006AEB4 /* Sources */,
				B485BB7630075EC80006AEB4 /* Frameworks */,
				B485BB7730075EC80006AEB4 /* Resources */,
			);
			buildRules = (
			);
			fileSystemSynchronizedGroups = (
				B431330430216776001919E6 /* Plan */,
				B485BB7B30075EC80006AEB4 /* ToolRoutingStrategies */,
			);
			name = ToolRoutingStrategies;
			packageProductDependencies = (
				B4E0000230310002001919E6 /* MLXEmbedders */,
			);
			productName = ToolRoutingStrategies;
			productReference = B485BB7930075EC80006AEB4 /* ToolRoutingStrategies.app */;
			productType = "com.apple.product-type.application";
		};
		B4CL100030400001001919E6 /* BankingQAGenerator */ = {
			isa = PBXNativeTarget;
			buildConfigurationList = B4CL100730400008001919E6 /* Build configuration list for PBXNativeTarget "BankingQAGenerator" */;
			buildPhases = (
				B4CL100430400005001919E6 /* Sources */,
				B4CL100530400006001919E6 /* Frameworks */,
				B4CL100630400007001919E6 /* CopyFiles */,
			);
			buildRules = (
			);
			fileSystemSynchronizedGroups = (
				B4CL100230400003001919E6 /* BankingQAGenerator */,
			);
			name = BankingQAGenerator;
			productName = BankingQAGenerator;
			productReference = B4CL100130400002001919E6 /* BankingQAGenerator */;
			productType = "com.apple.product-type.tool";
		};
/* End PBXNativeTarget section */

/* Begin PBXProject section */
		B485BB7130075EC80006AEB4 /* Project object */ = {
			isa = PBXProject;
			attributes = {
				BuildIndependentTargetsInParallel = 1;
				LastSwiftUpdateCheck = 2700;
				LastUpgradeCheck = 2700;
				TargetAttributes = {
					B431329A301A4059001919E6 = {
						CreatedOnToolsVersion = 27.0;
						TestTargetID = B485BB7830075EC80006AEB4;
					};
					B485BB7830075EC80006AEB4 = {
						CreatedOnToolsVersion = 27.0;
					};
				};
			};
			buildConfigurationList = B485BB7430075EC80006AEB4 /* Build configuration list for PBXProject "ToolRoutingStrategies" */;
			developmentRegion = en;
			hasScannedForEncodings = 0;
			knownRegions = (
				en,
				Base,
			);
			mainGroup = B485BB7030075EC80006AEB4;
			minimizedProjectReferenceProxies = 1;
			packageReferences = (
				B4E0000130310001001919E6 /* XCRemoteSwiftPackageReference "mlx-swift-lm" */,
				B4CF000130410001001919E6 /* XCRemoteSwiftPackageReference "ClaudeForFoundationModels" */,
			);
			preferredProjectObjectVersion = 77;
			productRefGroup = B485BB7A30075EC80006AEB4 /* Products */;
			projectDirPath = "";
			projectRoot = "";
			targets = (
				B485BB7830075EC80006AEB4 /* ToolRoutingStrategies */,
				B431329A301A4059001919E6 /* ToolRoutingStrategiesTests */,
				B4CL100030400001001919E6 /* BankingQAGenerator */,
			);
		};
/* End PBXProject section */

/* Begin PBXResourcesBuildPhase section */
		B4313299301A4059001919E6 /* Resources */ = {
			isa = PBXResourcesBuildPhase;
			files = (
			);
		};
		B485BB7730075EC80006AEB4 /* Resources */ = {
			isa = PBXResourcesBuildPhase;
			files = (
			);
		};
/* End PBXResourcesBuildPhase section */

/* Begin PBXSourcesBuildPhase section */
		B4313297301A4059001919E6 /* Sources */ = {
			isa = PBXSourcesBuildPhase;
			files = (
			);
		};
		B485BB7530075EC80006AEB4 /* Sources */ = {
			isa = PBXSourcesBuildPhase;
			files = (
			);
		};
		B4CL100430400005001919E6 /* Sources */ = {
			isa = PBXSourcesBuildPhase;
			files = (
			);
		};
/* End PBXSourcesBuildPhase section */

/* Begin PBXTargetDependency section */
		B43132A0301A4059001919E6 /* PBXTargetDependency */ = {
			isa = PBXTargetDependency;
			target = B485BB7830075EC80006AEB4 /* ToolRoutingStrategies */;
			targetProxy = B431329F301A4059001919E6 /* PBXContainerItemProxy */;
		};
/* End PBXTargetDependency section */

/* Begin XCBuildConfiguration section */
		B43132A2301A4059001919E6 /* Debug configuration for PBXNativeTarget "ToolRoutingStrategiesTests" */ = {
			isa = XCBuildConfiguration;
			buildSettings = {
				BUNDLE_LOADER = "$(TEST_HOST)";
				CODE_SIGN_STYLE = Automatic;
				CURRENT_PROJECT_VERSION = 1;
				DEVELOPMENT_TEAM = 3Z877XGKPY;
				GENERATE_INFOPLIST_FILE = YES;
				MARKETING_VERSION = 1.0;
				PRODUCT_BUNDLE_IDENTIFIER = com.karthick.ToolRoutingStrategiesTests;
				PRODUCT_NAME = "$(TARGET_NAME)";
				STRING_CATALOG_GENERATE_SYMBOLS = NO;
				SWIFT_APPROACHABLE_CONCURRENCY = YES;
				SWIFT_EMIT_LOC_STRINGS = NO;
				SWIFT_UPCOMING_FEATURE_MEMBER_IMPORT_VISIBILITY = YES;
				SWIFT_VERSION = 5.0;
				TARGETED_DEVICE_FAMILY = "1,2";
				TEST_HOST = "$(BUILT_PRODUCTS_DIR)/ToolRoutingStrategies.app/$(BUNDLE_EXECUTABLE_FOLDER_PATH)/ToolRoutingStrategies";
			};
			name = Debug;
		};
		B43132A3301A4059001919E6 /* Release configuration for PBXNativeTarget "ToolRoutingStrategiesTests" */ = {
			isa = XCBuildConfiguration;
			buildSettings = {
				BUNDLE_LOADER = "$(TEST_HOST)";
				CODE_SIGN_STYLE = Automatic;
				CURRENT_PROJECT_VERSION = 1;
				DEVELOPMENT_TEAM = 3Z877XGKPY;
				GENERATE_INFOPLIST_FILE = YES;
				MARKETING_VERSION = 1.0;
				PRODUCT_BUNDLE_IDENTIFIER = com.karthick.ToolRoutingStrategiesTests;
				PRODUCT_NAME = "$(TARGET_NAME)";
				STRING_CATALOG_GENERATE_SYMBOLS = NO;
				SWIFT_APPROACHABLE_CONCURRENCY = YES;
				SWIFT_EMIT_LOC_STRINGS = NO;
				SWIFT_UPCOMING_FEATURE_MEMBER_IMPORT_VISIBILITY = YES;
				SWIFT_VERSION = 5.0;
				TARGETED_DEVICE_FAMILY = "1,2";
				TEST_HOST = "$(BUILT_PRODUCTS_DIR)/ToolRoutingStrategies.app/$(BUNDLE_EXECUTABLE_FOLDER_PATH)/ToolRoutingStrategies";
			};
			name = Release;
		};
		B485BB8230075ECB0006AEB4 /* Debug configuration for PBXProject "ToolRoutingStrategies" */ = {
			isa = XCBuildConfiguration;
			buildSettings = {
				ALWAYS_SEARCH_USER_PATHS = NO;
				ASSETCATALOG_COMPILER_GENERATE_SWIFT_ASSET_SYMBOL_EXTENSIONS = YES;
				CLANG_ANALYZER_NONNULL = YES;
				CLANG_ANALYZER_NUMBER_OBJECT_CONVERSION = YES_AGGRESSIVE;
				CLANG_CXX_LANGUAGE_STANDARD = "gnu++20";
				CLANG_ENABLE_MODULES = YES;
				CLANG_ENABLE_OBJC_ARC = YES;
				CLANG_ENABLE_OBJC_WEAK = YES;
				CLANG_WARN_BLOCK_CAPTURE_AUTORELEASING = YES;
				CLANG_WARN_BOOL_CONVERSION = YES;
				CLANG_WARN_COMMA = YES;
				CLANG_WARN_CONSTANT_CONVERSION = YES;
				CLANG_WARN_DEPRECATED_OBJC_IMPLEMENTATIONS = YES;
				CLANG_WARN_DIRECT_OBJC_ISA_USAGE = YES_ERROR;
				CLANG_WARN_DOCUMENTATION_COMMENTS = YES;
				CLANG_WARN_EMPTY_BODY = YES;
				CLANG_WARN_ENUM_CONVERSION = YES;
				CLANG_WARN_INFINITE_RECURSION = YES;
				CLANG_WARN_INT_CONVERSION = YES;
				CLANG_WARN_NON_LITERAL_NULL_CONVERSION = YES;
				CLANG_WARN_OBJC_IMPLICIT_RETAIN_SELF = YES;
				CLANG_WARN_OBJC_LITERAL_CONVERSION = YES;
				CLANG_WARN_OBJC_ROOT_CLASS = YES_ERROR;
				CLANG_WARN_QUOTED_INCLUDE_IN_FRAMEWORK_HEADER = YES;
				CLANG_WARN_RANGE_LOOP_ANALYSIS = YES;
				CLANG_WARN_STRICT_PROTOTYPES = YES;
				CLANG_WARN_SUSPICIOUS_MOVE = YES;
				CLANG_WARN_UNGUARDED_AVAILABILITY = YES_AGGRESSIVE;
				CLANG_WARN_UNREACHABLE_CODE = YES;
				CLANG_WARN__DUPLICATE_METHOD_MATCH = YES;
				COPY_PHASE_STRIP = NO;
				DEBUG_INFORMATION_FORMAT = dwarf;
				ENABLE_STRICT_OBJC_MSGSEND = YES;
				ENABLE_TESTABILITY = YES;
				ENABLE_USER_SCRIPT_SANDBOXING = YES;
				GCC_C_LANGUAGE_STANDARD = gnu17;
				GCC_DYNAMIC_NO_PIC = NO;
				GCC_NO_COMMON_BLOCKS = YES;
				GCC_OPTIMIZATION_LEVEL = 0;
				GCC_PREPROCESSOR_DEFINITIONS = (
					"DEBUG=1",
					"$(inherited)",
				);
				GCC_WARN_64_TO_32_BIT_CONVERSION = YES;
				GCC_WARN_ABOUT_RETURN_TYPE = YES_ERROR;
				GCC_WARN_UNDECLARED_SELECTOR = YES;
				GCC_WARN_UNINITIALIZED_AUTOS = YES_AGGRESSIVE;
				GCC_WARN_UNUSED_FUNCTION = YES;
				GCC_WARN_UNUSED_VARIABLE = YES;
				IPHONEOS_DEPLOYMENT_TARGET = 27.0;
				LOCALIZATION_PREFERS_STRING_CATALOGS = YES;
				MTL_ENABLE_DEBUG_INFO = INCLUDE_SOURCE;
				MTL_FAST_MATH = YES;
				ONLY_ACTIVE_ARCH = YES;
				SDKROOT = iphoneos;
				SWIFT_ACTIVE_COMPILATION_CONDITIONS = "DEBUG $(inherited)";
				SWIFT_OPTIMIZATION_LEVEL = "-Onone";
			};
			name = Debug;
		};
		B485BB8330075ECB0006AEB4 /* Release configuration for PBXProject "ToolRoutingStrategies" */ = {
			isa = XCBuildConfiguration;
			buildSettings = {
				ALWAYS_SEARCH_USER_PATHS = NO;
				ASSETCATALOG_COMPILER_GENERATE_SWIFT_ASSET_SYMBOL_EXTENSIONS = YES;
				CLANG_ANALYZER_NONNULL = YES;
				CLANG_ANALYZER_NUMBER_OBJECT_CONVERSION = YES_AGGRESSIVE;
				CLANG_CXX_LANGUAGE_STANDARD = "gnu++20";
				CLANG_ENABLE_MODULES = YES;
				CLANG_ENABLE_OBJC_ARC = YES;
				CLANG_ENABLE_OBJC_WEAK = YES;
				CLANG_WARN_BLOCK_CAPTURE_AUTORELEASING = YES;
				CLANG_WARN_BOOL_CONVERSION = YES;
				CLANG_WARN_COMMA = YES;
				CLANG_WARN_CONSTANT_CONVERSION = YES;
				CLANG_WARN_DEPRECATED_OBJC_IMPLEMENTATIONS = YES;
				CLANG_WARN_DIRECT_OBJC_ISA_USAGE = YES_ERROR;
				CLANG_WARN_DOCUMENTATION_COMMENTS = YES;
				CLANG_WARN_EMPTY_BODY = YES;
				CLANG_WARN_ENUM_CONVERSION = YES;
				CLANG_WARN_INFINITE_RECURSION = YES;
				CLANG_WARN_INT_CONVERSION = YES;
				CLANG_WARN_NON_LITERAL_NULL_CONVERSION = YES;
				CLANG_WARN_OBJC_IMPLICIT_RETAIN_SELF = YES;
				CLANG_WARN_OBJC_LITERAL_CONVERSION = YES;
				CLANG_WARN_OBJC_ROOT_CLASS = YES_ERROR;
				CLANG_WARN_QUOTED_INCLUDE_IN_FRAMEWORK_HEADER = YES;
				CLANG_WARN_RANGE_LOOP_ANALYSIS = YES;
				CLANG_WARN_STRICT_PROTOTYPES = YES;
				CLANG_WARN_SUSPICIOUS_MOVE = YES;
				CLANG_WARN_UNGUARDED_AVAILABILITY = YES_AGGRESSIVE;
				CLANG_WARN_UNREACHABLE_CODE = YES;
				CLANG_WARN__DUPLICATE_METHOD_MATCH = YES;
				COPY_PHASE_STRIP = NO;
				DEBUG_INFORMATION_FORMAT = "dwarf-with-dsym";
				ENABLE_NS_ASSERTIONS = NO;
				ENABLE_STRICT_OBJC_MSGSEND = YES;
				ENABLE_USER_SCRIPT_SANDBOXING = YES;
				GCC_C_LANGUAGE_STANDARD = gnu17;
				GCC_NO_COMMON_BLOCKS = YES;
				GCC_WARN_64_TO_32_BIT_CONVERSION = YES;
				GCC_WARN_ABOUT_RETURN_TYPE = YES_ERROR;
				GCC_WARN_UNDECLARED_SELECTOR = YES;
				GCC_WARN_UNINITIALIZED_AUTOS = YES_AGGRESSIVE;
				GCC_WARN_UNUSED_FUNCTION = YES;
				GCC_WARN_UNUSED_VARIABLE = YES;
				IPHONEOS_DEPLOYMENT_TARGET = 27.0;
				LOCALIZATION_PREFERS_STRING_CATALOGS = YES;
				MTL_ENABLE_DEBUG_INFO = NO;
				MTL_FAST_MATH = YES;
				SDKROOT = iphoneos;
				SWIFT_COMPILATION_MODE = wholemodule;
				VALIDATE_PRODUCT = YES;
			};
			name = Release;
		};
		B485BB8530075ECB0006AEB4 /* Debug configuration for PBXNativeTarget "ToolRoutingStrategies" */ = {
			isa = XCBuildConfiguration;
			buildSettings = {
				ASSETCATALOG_COMPILER_APPICON_NAME = AppIcon;
				ASSETCATALOG_COMPILER_GLOBAL_ACCENT_COLOR_NAME = AccentColor;
				CODE_SIGN_STYLE = Automatic;
				CURRENT_PROJECT_VERSION = 1;
				DEVELOPMENT_TEAM = 3Z877XGKPY;
				ENABLE_PREVIEWS = YES;
				GENERATE_INFOPLIST_FILE = YES;
				INFOPLIST_KEY_UIApplicationSceneManifest_Generation = YES;
				INFOPLIST_KEY_UIApplicationSupportsIndirectInputEvents = YES;
				INFOPLIST_KEY_UILaunchScreen_Generation = YES;
				INFOPLIST_KEY_UISupportedInterfaceOrientations_iPad = "UIInterfaceOrientationPortrait UIInterfaceOrientationPortraitUpsideDown UIInterfaceOrientationLandscapeLeft UIInterfaceOrientationLandscapeRight";
				INFOPLIST_KEY_UISupportedInterfaceOrientations_iPhone = "UIInterfaceOrientationPortrait UIInterfaceOrientationLandscapeLeft UIInterfaceOrientationLandscapeRight";
				LD_RUNPATH_SEARCH_PATHS = (
					"$(inherited)",
					"@executable_path/Frameworks",
				);
				MARKETING_VERSION = 1.0;
				PRODUCT_BUNDLE_IDENTIFIER = com.karthick.ToolRoutingStrategies;
				PRODUCT_NAME = "$(TARGET_NAME)";
				STRING_CATALOG_GENERATE_SYMBOLS = YES;
				SWIFT_APPROACHABLE_CONCURRENCY = YES;
				SWIFT_DEFAULT_ACTOR_ISOLATION = MainActor;
				SWIFT_EMIT_LOC_STRINGS = YES;
				SWIFT_UPCOMING_FEATURE_MEMBER_IMPORT_VISIBILITY = YES;
				SWIFT_VERSION = 5.0;
				TARGETED_DEVICE_FAMILY = "1,2";
			};
			name = Debug;
		};
		B485BB8630075ECB0006AEB4 /* Release configuration for PBXNativeTarget "ToolRoutingStrategies" */ = {
			isa = XCBuildConfiguration;
			buildSettings = {
				ASSETCATALOG_COMPILER_APPICON_NAME = AppIcon;
				ASSETCATALOG_COMPILER_GLOBAL_ACCENT_COLOR_NAME = AccentColor;
				CODE_SIGN_STYLE = Automatic;
				CURRENT_PROJECT_VERSION = 1;
				DEVELOPMENT_TEAM = 3Z877XGKPY;
				ENABLE_PREVIEWS = YES;
				GENERATE_INFOPLIST_FILE = YES;
				INFOPLIST_KEY_UIApplicationSceneManifest_Generation = YES;
				INFOPLIST_KEY_UIApplicationSupportsIndirectInputEvents = YES;
				INFOPLIST_KEY_UILaunchScreen_Generation = YES;
				INFOPLIST_KEY_UISupportedInterfaceOrientations_iPad = "UIInterfaceOrientationPortrait UIInterfaceOrientationPortraitUpsideDown UIInterfaceOrientationLandscapeLeft UIInterfaceOrientationLandscapeRight";
				INFOPLIST_KEY_UISupportedInterfaceOrientations_iPhone = "UIInterfaceOrientationPortrait UIInterfaceOrientationLandscapeLeft UIInterfaceOrientationLandscapeRight";
				LD_RUNPATH_SEARCH_PATHS = (
					"$(inherited)",
					"@executable_path/Frameworks",
				);
				MARKETING_VERSION = 1.0;
				PRODUCT_BUNDLE_IDENTIFIER = com.karthick.ToolRoutingStrategies;
				PRODUCT_NAME = "$(TARGET_NAME)";
				STRING_CATALOG_GENERATE_SYMBOLS = YES;
				SWIFT_APPROACHABLE_CONCURRENCY = YES;
				SWIFT_DEFAULT_ACTOR_ISOLATION = MainActor;
				SWIFT_EMIT_LOC_STRINGS = YES;
				SWIFT_UPCOMING_FEATURE_MEMBER_IMPORT_VISIBILITY = YES;
				SWIFT_VERSION = 5.0;
				TARGETED_DEVICE_FAMILY = "1,2";
			};
			name = Release;
		};
		B4CL100830400009001919E6 /* Debug configuration for PBXNativeTarget "BankingQAGenerator" */ = {
			isa = XCBuildConfiguration;
			buildSettings = {
				CODE_SIGN_STYLE = Automatic;
				FRAMEWORK_SEARCH_PATHS = (
					"$(inherited)",
					"$(PLATFORM_DIR)/Developer/Library/Frameworks",
				);
				LD_RUNPATH_SEARCH_PATHS = (
					"$(DEVELOPER_DIR)/..",
					"$(PLATFORM_DIR)/Developer/Library/Frameworks",
				);
				MACOSX_DEPLOYMENT_TARGET = 27.0;
				PRODUCT_NAME = "$(TARGET_NAME)";
				SDKROOT = macosx;
				SUPPORTED_PLATFORMS = macosx;
				SWIFT_VERSION = 5.0;
			};
			name = Debug;
		};
		B4CL10093040000A001919E6 /* Release configuration for PBXNativeTarget "BankingQAGenerator" */ = {
			isa = XCBuildConfiguration;
			buildSettings = {
				CODE_SIGN_STYLE = Automatic;
				FRAMEWORK_SEARCH_PATHS = (
					"$(inherited)",
					"$(PLATFORM_DIR)/Developer/Library/Frameworks",
				);
				LD_RUNPATH_SEARCH_PATHS = (
					"$(DEVELOPER_DIR)/..",
					"$(PLATFORM_DIR)/Developer/Library/Frameworks",
				);
				MACOSX_DEPLOYMENT_TARGET = 27.0;
				PRODUCT_NAME = "$(TARGET_NAME)";
				SDKROOT = macosx;
				SUPPORTED_PLATFORMS = macosx;
				SWIFT_VERSION = 5.0;
			};
			name = Release;
		};
/* End XCBuildConfiguration section */

/* Begin XCConfigurationList section */
		B43132A1301A4059001919E6 /* Build configuration list for PBXNativeTarget "ToolRoutingStrategiesTests" */ = {
			isa = XCConfigurationList;
			buildConfigurations = (
				B43132A2301A4059001919E6 /* Debug configuration for PBXNativeTarget "ToolRoutingStrategiesTests" */,
				B43132A3301A4059001919E6 /* Release configuration for PBXNativeTarget "ToolRoutingStrategiesTests" */,
			);
			defaultConfigurationName = Release;
		};
		B485BB7430075EC80006AEB4 /* Build configuration list for PBXProject "ToolRoutingStrategies" */ = {
			isa = XCConfigurationList;
			buildConfigurations = (
				B485BB8230075ECB0006AEB4 /* Debug configuration for PBXProject "ToolRoutingStrategies" */,
				B485BB8330075ECB0006AEB4 /* Release configuration for PBXProject "ToolRoutingStrategies" */,
			);
			defaultConfigurationName = Release;
		};
		B485BB8430075ECB0006AEB4 /* Build configuration list for PBXNativeTarget "ToolRoutingStrategies" */ = {
			isa = XCConfigurationList;
			buildConfigurations = (
				B485BB8530075ECB0006AEB4 /* Debug configuration for PBXNativeTarget "ToolRoutingStrategies" */,
				B485BB8630075ECB0006AEB4 /* Release configuration for PBXNativeTarget "ToolRoutingStrategies" */,
			);
			defaultConfigurationName = Release;
		};
		B4CL100730400008001919E6 /* Build configuration list for PBXNativeTarget "BankingQAGenerator" */ = {
			isa = XCConfigurationList;
			buildConfigurations = (
				B4CL100830400009001919E6 /* Debug configuration for PBXNativeTarget "BankingQAGenerator" */,
				B4CL10093040000A001919E6 /* Release configuration for PBXNativeTarget "BankingQAGenerator" */,
			);
			defaultConfigurationName = Release;
		};
/* End XCConfigurationList section */

/* Begin XCRemoteSwiftPackageReference section */
		B4CF000130410001001919E6 /* XCRemoteSwiftPackageReference "ClaudeForFoundationModels" */ = {
			isa = XCRemoteSwiftPackageReference;
			repositoryURL = "https://github.com/anthropics/ClaudeForFoundationModels.git";
			requirement = {
				kind = upToNextMinorVersion;
				minimumVersion = 0.1.4;
			};
		};
		B4E0000130310001001919E6 /* XCRemoteSwiftPackageReference "mlx-swift-lm" */ = {
			isa = XCRemoteSwiftPackageReference;
			repositoryURL = "https://github.com/ml-explore/mlx-swift-lm";
			requirement = {
				kind = exactVersion;
				version = 2.31.3;
			};
		};
/* End XCRemoteSwiftPackageReference section */

/* Begin XCSwiftPackageProductDependency section */
		B4CF000230410002001919E6 /* ClaudeForFoundationModels */ = {
			isa = XCSwiftPackageProductDependency;
			package = B4CF000130410001001919E6 /* XCRemoteSwiftPackageReference "ClaudeForFoundationModels" */;
			productName = ClaudeForFoundationModels;
		};
		B4E0000230310002001919E6 /* MLXEmbedders */ = {
			isa = XCSwiftPackageProductDependency;
			package = B4E0000130310001001919E6 /* XCRemoteSwiftPackageReference "mlx-swift-lm" */;
			productName = MLXEmbedders;
		};
/* End XCSwiftPackageProductDependency section */
	};
	rootObject = B485BB7130075EC80006AEB4 /* Project object */;
	validationLevel = 1;
}
